
Microsoft Visual Studio Solution File, Format Version 12.00
# Visual Studio Version 17
VisualStudioVersion = 17.0.32112.339
MinimumVisualStudioVersion = 10.0.40219.1
Project("{9A19103F-16F7-4668-BE54-9A1E7A4F7556}") = "SistemaClinicaEstetica", "SistemaCadastro\SistemaClinicaEstetica.csproj", "{38837D9D-8ECA-4898-9B39-65DDF955B175}"
EndProject
Global
	GlobalSection(SolutionConfigurationPlatforms) = preSolution
		Debug|Any CPU = Debug|Any CPU
		Release|Any CPU = Release|Any CPU
	EndGlobalSection
	GlobalSection(ProjectConfigurationPlatforms) = postSolution
		{38837D9D-8ECA-4898-9B39-65DDF955B175}.Debug|Any CPU.ActiveCfg = Debug|Any CPU
		{38837D9D-8ECA-4898-9B39-65DDF955B175}.Debug|Any CPU.Build.0 = Debug|Any CPU
		{38837D9D-8ECA-4898-9B39-65DDF955B175}.Release|Any CPU.ActiveCfg = Release|Any CPU
		{38837D9D-8ECA-4898-9B39-65DDF955B175}.Release|Any CPU.Build.0 = Release|Any CPU
	EndGlobalSection
	GlobalSection(SolutionProperties) = preSolution
		HideSolutionNode = FALSE
	EndGlobalSection
	GlobalSection(ExtensibilityGlobals) = postSolution
		SolutionGuid = {094AFCA4-9EB1-471F-9ACE-F68D3F71C515}
	EndGlobalSection
EndGlobal
